PODS:
  - Realm (3.0.1):
    - Realm/Headers (= 3.0.1)
  - Realm/Headers (3.0.1)
  - RealmSwift (3.0.1):
    - Realm (= 3.0.1)
  - SwiftSocket (2.0.2)

DEPENDENCIES:
  - RealmSwift (= 3.0.1)
  - SwiftSocket (from `https://github.com/swiftsocket/SwiftSocket.git`)

EXTERNAL SOURCES:
  SwiftSocket:
    :git: https://github.com/swiftsocket/SwiftSocket.git

CHECKOUT OPTIONS:
  SwiftSocket:
    :commit: ab16278795ea0d5df50fb5eda775ceb098042437
    :git: https://github.com/swiftsocket/SwiftSocket.git

SPEC CHECKSUMS:
  Realm: ba6144c74f835f7497791f6599d63a7755377b83
  RealmSwift: 7d13b1ac4b6022a13f841e3143e7789c9e40ad0d
  SwiftSocket: 0847ae35aeba4f64c1ba1fd2b113fdbc4e66de96

PODFILE CHECKSUM: 8224ff7132ee5e53483a4007da0c104c78c63cd8

COCOAPODS: 1.3.1
