// !$*UTF8*$!
{
	archiveVersion = 1;
	classes = {
	};
	objectVersion = 46;
	objects = {

/* Begin PBXBuildFile section */
		16EFD0591B105A7F00EB13DA /* AppDelegate.swift in Sources */ = {isa = PBXBuildFile; fileRef = 16EFD0581B105A7F00EB13DA /* AppDelegate.swift */; };
		16EFD05B1B105A7F00EB13DA /* ViewController.swift in Sources */ = {isa = PBXBuildFile; fileRef = 16EFD05A1B105A7F00EB13DA /* ViewController.swift */; };
		16EFD05E1B105A7F00EB13DA /* Main.storyboard in Resources */ = {isa = PBXBuildFile; fileRef = 16EFD05C1B105A7F00EB13DA /* Main.storyboard */; };
		16EFD0601B105A7F00EB13DA /* Images.xcassets in Resources */ = {isa = PBXBuildFile; fileRef = 16EFD05F1B105A7F00EB13DA /* Images.xcassets */; };
		16EFD0631B105A7F00EB13DA /* LaunchScreen.xib in Resources */ = {isa = PBXBuildFile; fileRef = 16EFD0611B105A7F00EB13DA /* LaunchScreen.xib */; };
		16EFD06F1B105A7F00EB13DA /* RemoconTests.swift in Sources */ = {isa = PBXBuildFile; fileRef = 16EFD06E1B105A7F00EB13DA /* RemoconTests.swift */; };
		16EFD07B1B10C64900EB13DA /* ChannelButton.swift in Sources */ = {isa = PBXBuildFile; fileRef = 16EFD07A1B10C64900EB13DA /* ChannelButton.swift */; };
/* End PBXBuildFile section */

/* Begin PBXContainerItemProxy section */
		16EFD0691B105A7F00EB13DA /* PBXContainerItemProxy */ = {
			isa = PBXContainerItemProxy;
			containerPortal = 16EFD04B1B105A7F00EB13DA /* Project object */;
			proxyType = 1;
			remoteGlobalIDString = 16EFD0521B105A7F00EB13DA;
			remoteInfo = Remocon;
		};
/* End PBXContainerItemProxy section */

/* Begin PBXFileReference section */
		16EFD0531B105A7F00EB13DA /* Remocon.app */ = {isa = PBXFileReference; explicitFileType = wrapper.application; includeInIndex = 0; path = Remocon.app; sourceTree = BUILT_PRODUCTS_DIR; };
		16EFD0571B105A7F00EB13DA /* Info.plist */ = {isa = PBXFileReference; lastKnownFileType = text.plist.xml; path = Info.plist; sourceTree = "<group>"; };
		16EFD0581B105A7F00EB13DA /* AppDelegate.swift */ = {isa = PBXFileReference; lastKnownFileType = sourcecode.swift; path = AppDelegate.swift; sourceTree = "<group>"; };
		16EFD05A1B105A7F00EB13DA /* ViewController.swift */ = {isa = PBXFileReference; lastKnownFileType = sourcecode.swift; path = ViewController.swift; sourceTree = "<group>"; };
		16EFD05D1B105A7F00EB13DA /* Base */ = {isa = PBXFileReference; lastKnownFileType = file.storyboard; name = Base; path = Base.lproj/Main.storyboard; sourceTree = "<group>"; };
		16EFD05F1B105A7F00EB13DA /* Images.xcassets */ = {isa = PBXFileReference; lastKnownFileType = folder.assetcatalog; path = Images.xcassets; sourceTree = "<group>"; };
		16EFD0621B105A7F00EB13DA /* Base */ = {isa = PBXFileReference; lastKnownFileType = file.xib; name = Base; path = Base.lproj/LaunchScreen.xib; sourceTree = "<group>"; };
		16EFD0681B105A7F00EB13DA /* RemoconTests.xctest */ = {isa = PBXFileReference; explicitFileType = wrapper.cfbundle; includeInIndex = 0; path = RemoconTests.xctest; sourceTree = BUILT_PRODUCTS_DIR; };
		16EFD06D1B105A7F00EB13DA /* Info.plist */ = {isa = PBXFileReference; lastKnownFileType = text.plist.xml; path = Info.plist; sourceTree = "<group>"; };
		16EFD06E1B105A7F00EB13DA /* RemoconTests.swift */ = {isa = PBXFileReference; lastKnownFileType = sourcecode.swift; path = RemoconTests.swift; sourceTree = "<group>"; };
		16EFD07A1B10C64900EB13DA /* ChannelButton.swift */ = {isa = PBXFileReference; fileEncoding = 4; lastKnownFileType = sourcecode.swift; path = ChannelButton.swift; sourceTree = "<group>"; };
/* End PBXFileReference section */

/* Begin PBXFrameworksBuildPhase section */
		16EFD0501B105A7F00EB13DA /* Frameworks */ = {
			isa = PBXFrameworksBuildPhase;
			buildActionMask = 2147483647;
			files = (
			);
			runOnlyForDeploymentPostprocessing = 0;
		};
		16EFD0651B105A7F00EB13DA /* Frameworks */ = {
			isa = PBXFrameworksBuildPhase;
			buildActionMask = 2147483647;
			files = (
			);
			runOnlyForDeploymentPostprocessing = 0;
		};
/* End PBXFrameworksBuildPhase section */

/* Begin PBXGroup section */
		16EFD04A1B105A7F00EB13DA = {
			isa = PBXGroup;
			children = (
				16EFD0551B105A7F00EB13DA /* Remocon */,
				16EFD06B1B105A7F00EB13DA /* RemoconTests */,
				16EFD0541B105A7F00EB13DA /* Products */,
			);
			sourceTree = "<group>";
		};
		16EFD0541B105A7F00EB13DA /* Products */ = {
			isa = PBXGroup;
			children = (
				16EFD0531B105A7F00EB13DA /* Remocon.app */,
				16EFD0681B105A7F00EB13DA /* RemoconTests.xctest */,
			);
			name = Products;
			sourceTree = "<group>";
		};
		16EFD0551B105A7F00EB13DA /* Remocon */ = {
			isa = PBXGroup;
			children = (
				16EFD0581B105A7F00EB13DA /* AppDelegate.swift */,
				16EFD05A1B105A7F00EB13DA /* ViewController.swift */,
				16EFD05C1B105A7F00EB13DA /* Main.storyboard */,
				16EFD05F1B105A7F00EB13DA /* Images.xcassets */,
				16EFD0611B105A7F00EB13DA /* LaunchScreen.xib */,
				16EFD0561B105A7F00EB13DA /* Supporting Files */,
				16EFD07A1B10C64900EB13DA /* ChannelButton.swift */,
			);
			path = Remocon;
			sourceTree = "<group>";
		};
		16EFD0561B105A7F00EB13DA /* Supporting Files */ = {
			isa = PBXGroup;
			children = (
				16EFD0571B105A7F00EB13DA /* Info.plist */,
			);
			name = "Supporting Files";
			sourceTree = "<group>";
		};
		16EFD06B1B105A7F00EB13DA /* RemoconTests */ = {
			isa = PBXGroup;
			children = (
				16EFD06E1B105A7F00EB13DA /* RemoconTests.swift */,
				16EFD06C1B105A7F00EB13DA /* Supporting Files */,
			);
			path = RemoconTests;
			sourceTree = "<group>";
		};
		16EFD06C1B105A7F00EB13DA /* Supporting Files */ = {
			isa = PBXGroup;
			children = (
				16EFD06D1B105A7F00EB13DA /* Info.plist */,
			);
			name = "Supporting Files";
			sourceTree = "<group>";
		};
/* End PBXGroup section */

/* Begin PBXNativeTarget section */
		16EFD0521B105A7F00EB13DA /* Remocon */ = {
			isa = PBXNativeTarget;
			buildConfigurationList = 16EFD0721B105A7F00EB13DA /* Build configuration list for PBXNativeTarget "Remocon" */;
			buildPhases = (
				16EFD04F1B105A7F00EB13DA /* Sources */,
				16EFD0501B105A7F00EB13DA /* Frameworks */,
				16EFD0511B105A7F00EB13DA /* Resources */,
			);
			buildRules = (
			);
			dependencies = (
			);
			name = Remocon;
			productName = Remocon;
			productReference = 16EFD0531B105A7F00EB13DA /* Remocon.app */;
			productType = "com.apple.product-type.application";
		};
		16EFD0671B105A7F00EB13DA /* RemoconTests */ = {
			isa = PBXNativeTarget;
			buildConfigurationList = 16EFD0751B105A7F00EB13DA /* Build configuration list for PBXNativeTarget "RemoconTests" */;
			buildPhases = (
				16EFD0641B105A7F00EB13DA /* Sources */,
				16EFD0651B105A7F00EB13DA /* Frameworks */,
				16EFD0661B105A7F00EB13DA /* Resources */,
			);
			buildRules = (
			);
			dependencies = (
				16EFD06A1B105A7F00EB13DA /* PBXTargetDependency */,
			);
			name = RemoconTests;
			productName = RemoconTests;
			productReference = 16EFD0681B105A7F00EB13DA /* RemoconTests.xctest */;
			productType = "com.apple.product-type.bundle.unit-test";
		};
/* End PBXNativeTarget section */

/* Begin PBXProject section */
		16EFD04B1B105A7F00EB13DA /* Project object */ = {
			isa = PBXProject;
			attributes = {
				LastUpgradeCheck = 0630;
				ORGANIZATIONNAME = "Ryo Katsuma";
				TargetAttributes = {
					16EFD0521B105A7F00EB13DA = {
						CreatedOnToolsVersion = 6.3.2;
					};
					16EFD0671B105A7F00EB13DA = {
						CreatedOnToolsVersion = 6.3.2;
						TestTargetID = 16EFD0521B105A7F00EB13DA;
					};
				};
			};
			buildConfigurationList = 16EFD04E1B105A7F00EB13DA /* Build configuration list for PBXProject "Remocon" */;
			compatibilityVersion = "Xcode 3.2";
			developmentRegion = English;
			hasScannedForEncodings = 0;
			knownRegions = (
				en,
				Base,
			);
			mainGroup = 16EFD04A1B105A7F00EB13DA;
			productRefGroup = 16EFD0541B105A7F00EB13DA /* Products */;
			projectDirPath = "";
			projectRoot = "";
			targets = (
				16EFD0521B105A7F00EB13DA /* Remocon */,
				16EFD0671B105A7F00EB13DA /* RemoconTests */,
			);
		};
/* End PBXProject section */

/* Begin PBXResourcesBuildPhase section */
		16EFD0511B105A7F00EB13DA /* Resources */ = {
			isa = PBXResourcesBuildPhase;
			buildActionMask = 2147483647;
			files = (
				16EFD05E1B105A7F00EB13DA /* Main.storyboard in Resources */,
				16EFD0631B105A7F00EB13DA /* LaunchScreen.xib in Resources */,
				16EFD0601B105A7F00EB13DA /* Images.xcassets in Resources */,
			);
			runOnlyForDeploymentPostprocessing = 0;
		};
		16EFD0661B105A7F00EB13DA /* Resources */ = {
			isa = PBXResourcesBuildPhase;
			buildActionMask = 2147483647;
			files = (
			);
			runOnlyForDeploymentPostprocessing = 0;
		};
/* End PBXResourcesBuildPhase section */

/* Begin PBXSourcesBuildPhase section */
		16EFD04F1B105A7F00EB13DA /* Sources */ = {
			isa = PBXSourcesBuildPhase;
			buildActionMask = 2147483647;
			files = (
				16EFD05B1B105A7F00EB13DA /* ViewController.swift in Sources */,
				16EFD07B1B10C64900EB13DA /* ChannelButton.swift in Sources */,
				16EFD0591B105A7F00EB13DA /* AppDelegate.swift in Sources */,
			);
			runOnlyForDeploymentPostprocessing = 0;
		};
		16EFD0641B105A7F00EB13DA /* Sources */ = {
			isa = PBXSourcesBuildPhase;
			buildActionMask = 2147483647;
			files = (
				16EFD06F1B105A7F00EB13DA /* RemoconTests.swift in Sources */,
			);
			runOnlyForDeploymentPostprocessing = 0;
		};
/* End PBXSourcesBuildPhase section */

/* Begin PBXTargetDependency section */
		16EFD06A1B105A7F00EB13DA /* PBXTargetDependency */ = {
			isa = PBXTargetDependency;
			target = 16EFD0521B105A7F00EB13DA /* Remocon */;
			targetProxy = 16EFD0691B105A7F00EB13DA /* PBXContainerItemProxy */;
		};
/* End PBXTargetDependency section */

/* Begin PBXVariantGroup section */
		16EFD05C1B105A7F00EB13DA /* Main.storyboard */ = {
			isa = PBXVariantGroup;
			children = (
				16EFD05D1B105A7F00EB13DA /* Base */,
			);
			name = Main.storyboard;
			sourceTree = "<group>";
		};
		16EFD0611B105A7F00EB13DA /* LaunchScreen.xib */ = {
			isa = PBXVariantGroup;
			children = (
				16EFD0621B105A7F00EB13DA /* Base */,
			);
			name = LaunchScreen.xib;
			sourceTree = "<group>";
		};
/* End PBXVariantGroup section */

/* Begin XCBuildConfiguration section */
		16EFD0701B105A7F00EB13DA /* Debug */ = {
			isa = XCBuildConfiguration;
			buildSettings = {
				ALWAYS_SEARCH_USER_PATHS = NO;
				CLANG_CXX_LANGUAGE_STANDARD = "gnu++0x";
				CLANG_CXX_LIBRARY = "libc++";
				CLANG_ENABLE_MODULES = YES;
				CLANG_ENABLE_OBJC_ARC = YES;
				CLANG_WARN_BOOL_CONVERSION = YES;
				CLANG_WARN_CONSTANT_CONVERSION = YES;
				CLANG_WARN_DIRECT_OBJC_ISA_USAGE = YES_ERROR;
				CLANG_WARN_EMPTY_BODY = YES;
				CLANG_WARN_ENUM_CONVERSION = YES;
				CLANG_WARN_INT_CONVERSION = YES;
				CLANG_WARN_OBJC_ROOT_CLASS = YES_ERROR;
				CLANG_WARN_UNREACHABLE_CODE = YES;
				CLANG_WARN__DUPLICATE_METHOD_MATCH = YES;
				"CODE_SIGN_IDENTITY[sdk=iphoneos*]" = "iPhone Developer";
				COPY_PHASE_STRIP = NO;
				DEBUG_INFORMATION_FORMAT = "dwarf-with-dsym";
				ENABLE_STRICT_OBJC_MSGSEND = YES;
				GCC_C_LANGUAGE_STANDARD = gnu99;
				GCC_DYNAMIC_NO_PIC = NO;
				GCC_NO_COMMON_BLOCKS = YES;
				GCC_OPTIMIZATION_LEVEL = 0;
				GCC_PREPROCESSOR_DEFINITIONS = (
					"DEBUG=1",
					"$(inherited)",
				);
				GCC_SYMBOLS_PRIVATE_EXTERN = NO;
				GCC_WARN_64_TO_32_BIT_CONVERSION = YES;
				GCC_WARN_ABOUT_RETURN_TYPE = YES_ERROR;
				GCC_WARN_UNDECLARED_SELECTOR = YES;
				GCC_WARN_UNINITIALIZED_AUTOS = YES_AGGRESSIVE;
				GCC_WARN_UNUSED_FUNCTION = YES;
				GCC_WARN_UNUSED_VARIABLE = YES;
				IPHONEOS_DEPLOYMENT_TARGET = 8.3;
				MTL_ENABLE_DEBUG_INFO = YES;
				ONLY_ACTIVE_ARCH = YES;
				SDKROOT = iphoneos;
				SWIFT_OPTIMIZATION_LEVEL = "-Onone";
			};
			name = Debug;
		};
		16EFD0711B105A7F00EB13DA /* Release */ = {
			isa = XCBuildConfiguration;
			buildSettings = {
				ALWAYS_SEARCH_USER_PATHS = NO;
				CLANG_CXX_LANGUAGE_STANDARD = "gnu++0x";
				CLANG_CXX_LIBRARY = "libc++";
				CLANG_ENABLE_MODULES = YES;
				CLANG_ENABLE_OBJC_ARC = YES;
				CLANG_WARN_BOOL_CONVERSION = YES;
				CLANG_WARN_CONSTANT_CONVERSION = YES;
				CLANG_WARN_DIRECT_OBJC_ISA_USAGE = YES_ERROR;
				CLANG_WARN_EMPTY_BODY = YES;
				CLANG_WARN_ENUM_CONVERSION = YES;
				CLANG_WARN_INT_CONVERSION = YES;
				CLANG_WARN_OBJC_ROOT_CLASS = YES_ERROR;
				CLANG_WARN_UNREACHABLE_CODE = YES;
				CLANG_WARN__DUPLICATE_METHOD_MATCH = YES;
				"CODE_SIGN_IDENTITY[sdk=iphoneos*]" = "iPhone Developer";
				COPY_PHASE_STRIP = NO;
				DEBUG_INFORMATION_FORMAT = "dwarf-with-dsym";
				ENABLE_NS_ASSERTIONS = NO;
				ENABLE_STRICT_OBJC_MSGSEND = YES;
				GCC_C_LANGUAGE_STANDARD = gnu99;
				GCC_NO_COMMON_BLOCKS = YES;
				GCC_WARN_64_TO_32_BIT_CONVERSION = YES;
				GCC_WARN_ABOUT_RETURN_TYPE = YES_ERROR;
				GCC_WARN_UNDECLARED_SELECTOR = YES;
				GCC_WARN_UNINITIALIZED_AUTOS = YES_AGGRESSIVE;
				GCC_WARN_UNUSED_FUNCTION = YES;
				GCC_WARN_UNUSED_VARIABLE = YES;
				IPHONEOS_DEPLOYMENT_TARGET = 8.3;
				MTL_ENABLE_DEBUG_INFO = NO;
				SDKROOT = iphoneos;
				VALIDATE_PRODUCT = YES;
			};
			name = Release;
		};
		16EFD0731B105A7F00EB13DA /* Debug */ = {
			isa = XCBuildConfiguration;
			buildSettings = {
				ASSETCATALOG_COMPILER_APPICON_NAME = AppIcon;
				INFOPLIST_FILE = Remocon/Info.plist;
				LD_RUNPATH_SEARCH_PATHS = "$(inherited) @executable_path/Frameworks";
				PRODUCT_NAME = "$(TARGET_NAME)";
			};
			name = Debug;
		};
		16EFD0741B105A7F00EB13DA /* Release */ = {
			isa = XCBuildConfiguration;
			buildSettings = {
				ASSETCATALOG_COMPILER_APPICON_NAME = AppIcon;
				INFOPLIST_FILE = Remocon/Info.plist;
				LD_RUNPATH_SEARCH_PATHS = "$(inherited) @executable_path/Frameworks";
				PRODUCT_NAME = "$(TARGET_NAME)";
			};
			name = Release;
		};
		16EFD0761B105A7F00EB13DA /* Debug */ = {
			isa = XCBuildConfiguration;
			buildSettings = {
				BUNDLE_LOADER = "$(TEST_HOST)";
				FRAMEWORK_SEARCH_PATHS = (
					"$(SDKROOT)/Developer/Library/Frameworks",
					"$(inherited)",
				);
				GCC_PREPROCESSOR_DEFINITIONS = (
					"DEBUG=1",
					"$(inherited)",
				);
				INFOPLIST_FILE = RemoconTests/Info.plist;
				LD_RUNPATH_SEARCH_PATHS = "$(inherited) @executable_path/Frameworks @loader_path/Frameworks";
				PRODUCT_NAME = "$(TARGET_NAME)";
				TEST_HOST = "$(BUILT_PRODUCTS_DIR)/Remocon.app/Remocon";
			};
			name = Debug;
		};
		16EFD0771B105A7F00EB13DA /* Release */ = {
			isa = XCBuildConfiguration;
			buildSettings = {
				BUNDLE_LOADER = "$(TEST_HOST)";
				FRAMEWORK_SEARCH_PATHS = (
					"$(SDKROOT)/Developer/Library/Frameworks",
					"$(inherited)",
				);
				INFOPLIST_FILE = RemoconTests/Info.plist;
				LD_RUNPATH_SEARCH_PATHS = "$(inherited) @executable_path/Frameworks @loader_path/Frameworks";
				PRODUCT_NAME = "$(TARGET_NAME)";
				TEST_HOST = "$(BUILT_PRODUCTS_DIR)/Remocon.app/Remocon";
			};
			name = Release;
		};
/* End XCBuildConfiguration section */

/* Begin XCConfigurationList section */
		16EFD04E1B105A7F00EB13DA /* Build configuration list for PBXProject "Remocon" */ = {
			isa = XCConfigurationList;
			buildConfigurations = (
				16EFD0701B105A7F00EB13DA /* Debug */,
				16EFD0711B105A7F00EB13DA /* Release */,
			);
			defaultConfigurationIsVisible = 0;
			defaultConfigurationName = Release;
		};
		16EFD0721B105A7F00EB13DA /* Build configuration list for PBXNativeTarget "Remocon" */ = {
			isa = XCConfigurationList;
			buildConfigurations = (
				16EFD0731B105A7F00EB13DA /* Debug */,
				16EFD0741B105A7F00EB13DA /* Release */,
			);
			defaultConfigurationIsVisible = 0;
		};
		16EFD0751B105A7F00EB13DA /* Build configuration list for PBXNativeTarget "RemoconTests" */ = {
			isa = XCConfigurationList;
			buildConfigurations = (
				16EFD0761B105A7F00EB13DA /* Debug */,
				16EFD0771B105A7F00EB13DA /* Release */,
			);
			defaultConfigurationIsVisible = 0;
		};
/* End XCConfigurationList section */
	};
	rootObject = 16EFD04B1B105A7F00EB13DA /* Project object */;
}
